
Microsoft Visual Studio Solution File, Format Version 12.00
Project("{FAE04EC0-301F-11D3-BF4B-00C04F79EFBC}") = "IdP", "IdP\IdP.csproj", "{836F0EF3-53AA-4055-930A-B31EA98CA1A3}"
EndProject
Project("{FAE04EC0-301F-11D3-BF4B-00C04F79EFBC}") = "SP", "SP\SP.csproj", "{48A6DA19-392B-4FFB-8548-D549EC1294B8}"
EndProject
Global
	GlobalSection(SolutionConfigurationPlatforms) = preSolution
		Debug|Any CPU = Debug|Any CPU
		Release|Any CPU = Release|Any CPU
	EndGlobalSection
	GlobalSection(ProjectConfigurationPlatforms) = postSolution
		{836F0EF3-53AA-4055-930A-B31EA98CA1A3}.Debug|Any CPU.ActiveCfg = Debug|Any CPU
		{836F0EF3-53AA-4055-930A-B31EA98CA1A3}.Debug|Any CPU.Build.0 = Debug|Any CPU
		{836F0EF3-53AA-4055-930A-B31EA98CA1A3}.Release|Any CPU.ActiveCfg = Release|Any CPU
		{836F0EF3-53AA-4055-930A-B31EA98CA1A3}.Release|Any CPU.Build.0 = Release|Any CPU
		{48A6DA19-392B-4FFB-8548-D549EC1294B8}.Debug|Any CPU.ActiveCfg = Debug|Any CPU
		{48A6DA19-392B-4FFB-8548-D549EC1294B8}.Debug|Any CPU.Build.0 = Debug|Any CPU
		{48A6DA19-392B-4FFB-8548-D549EC1294B8}.Release|Any CPU.ActiveCfg = Release|Any CPU
		{48A6DA19-392B-4FFB-8548-D549EC1294B8}.Release|Any CPU.Build.0 = Release|Any CPU
	EndGlobalSection
EndGlobal
